// !$*UTF8*$!
{
	archiveVersion = 1;
	classes = {
	};
	objectVersion = 55;
	objects = {

/* Begin PBXBuildFile section */
		951DEFEB2844819300943570 /* main.cpp in Sources */ = {isa = PBXBuildFile; fileRef = 951DEFEA2844819300943570 /* main.cpp */; };
		959884C9281AA301007F646B /* main.c in Sources */ = {isa = PBXBuildFile; fileRef = 959884C8281AA301007F646B /* main.c */; };
		95EDA03527FAA3E40010F6AC /* main.c in Sources */ = {isa = PBXBuildFile; fileRef = 95EDA03427FAA3E40010F6AC /* main.c */; };
		95EDA04227FAA5C20010F6AC /* main.c in Sources */ = {isa = PBXBuildFile; fileRef = 95EDA04127FAA5C20010F6AC /* main.c */; };
		95EDA04D27FAAF140010F6AC /* main.c in Sources */ = {isa = PBXBuildFile; fileRef = 95EDA04C27FAAF140010F6AC /* main.c */; };
		95EDA05827FAAFF30010F6AC /* main.c in Sources */ = {isa = PBXBuildFile; fileRef = 95EDA05727FAAFF30010F6AC /* main.c */; };
		95EDA06327FAB1790010F6AC /* main.c in Sources */ = {isa = PBXBuildFile; fileRef = 95EDA06227FAB1790010F6AC /* main.c */; };
		95EDA06E27FABE4E0010F6AC /* main.c in Sources */ = {isa = PBXBuildFile; fileRef = 95EDA06D27FABE4E0010F6AC /* main.c */; };
		95EDA07927FAC1280010F6AC /* main.c in Sources */ = {isa = PBXBuildFile; fileRef = 95EDA07827FAC1280010F6AC /* main.c */; };
		95EDA08427FACC5C0010F6AC /* main.c in Sources */ = {isa = PBXBuildFile; fileRef = 95EDA08327FACC5C0010F6AC /* main.c */; };
/* End PBXBuildFile section */

/* Begin PBXCopyFilesBuildPhase section */
		951DEFE62844819300943570 /* CopyFiles */ = {
			isa = PBXCopyFilesBuildPhase;
			buildActionMask = 2147483647;
			dstPath = /usr/share/man/man1/;
			dstSubfolderSpec = 0;
			files = (
			);
			runOnlyForDeploymentPostprocessing = 1;
		};
		959884C4281AA301007F646B /* CopyFiles */ = {
			isa = PBXCopyFilesBuildPhase;
			buildActionMask = 2147483647;
			dstPath = /usr/share/man/man1/;
			dstSubfolderSpec = 0;
			files = (
			);
			runOnlyForDeploymentPostprocessing = 1;
		};
		95C4447F283B53EC0052B510 /* CopyFiles */ = {
			isa = PBXCopyFilesBuildPhase;
			buildActionMask = 2147483647;
			dstPath = /usr/share/man/man1/;
			dstSubfolderSpec = 0;
			files = (
			);
			runOnlyForDeploymentPostprocessing = 1;
		};
		95C4448A283B5E1F0052B510 /* CopyFiles */ = {
			isa = PBXCopyFilesBuildPhase;
			buildActionMask = 2147483647;
			dstPath = /usr/share/man/man1/;
			dstSubfolderSpec = 0;
			files = (
			);
			runOnlyForDeploymentPostprocessing = 1;
		};
		95C44495283B5FEA0052B510 /* CopyFiles */ = {
			isa = PBXCopyFilesBuildPhase;
			buildActionMask = 2147483647;
			dstPath = /usr/share/man/man1/;
			dstSubfolderSpec = 0;
			files = (
			);
			runOnlyForDeploymentPostprocessing = 1;
		};
		95EDA02F27FAA3E40010F6AC /* CopyFiles */ = {
			isa = PBXCopyFilesBuildPhase;
			buildActionMask = 2147483647;
			dstPath = /usr/share/man/man1/;
			dstSubfolderSpec = 0;
			files = (
			);
			runOnlyForDeploymentPostprocessing = 1;
		};
		95EDA03D27FAA5C20010F6AC /* CopyFiles */ = {
			isa = PBXCopyFilesBuildPhase;
			buildActionMask = 2147483647;
			dstPath = /usr/share/man/man1/;
			dstSubfolderSpec = 0;
			files = (
			);
			runOnlyForDeploymentPostprocessing = 1;
		};
		95EDA04827FAAF140010F6AC /* CopyFiles */ = {
			isa = PBXCopyFilesBuildPhase;
			buildActionMask = 2147483647;
			dstPath = /usr/share/man/man1/;
			dstSubfolderSpec = 0;
			files = (
			);
			runOnlyForDeploymentPostprocessing = 1;
		};
		95EDA05327FAAFF30010F6AC /* CopyFiles */ = {
			isa = PBXCopyFilesBuildPhase;
			buildActionMask = 2147483647;
			dstPath = /usr/share/man/man1/;
			dstSubfolderSpec = 0;
			files = (
			);
			runOnlyForDeploymentPostprocessing = 1;
		};
		95EDA05E27FAB1790010F6AC /* CopyFiles */ = {
			isa = PBXCopyFilesBuildPhase;
			buildActionMask = 2147483647;
			dstPath = /usr/share/man/man1/;
			dstSubfolderSpec = 0;
			files = (
			);
			runOnlyForDeploymentPostprocessing = 1;
		};
		95EDA06927FABE4E0010F6AC /* CopyFiles */ = {
			isa = PBXCopyFilesBuildPhase;
			buildActionMask = 2147483647;
			dstPath = /usr/share/man/man1/;
			dstSubfolderSpec = 0;
			files = (
			);
			runOnlyForDeploymentPostprocessing = 1;
		};
		95EDA07427FAC1280010F6AC /* CopyFiles */ = {
			isa = PBXCopyFilesBuildPhase;
			buildActionMask = 2147483647;
			dstPath = /usr/share/man/man1/;
			dstSubfolderSpec = 0;
			files = (
			);
			runOnlyForDeploymentPostprocessing = 1;
		};
		95EDA07F27FACC5C0010F6AC /* CopyFiles */ = {
			isa = PBXCopyFilesBuildPhase;
			buildActionMask = 2147483647;
			dstPath = /usr/share/man/man1/;
			dstSubfolderSpec = 0;
			files = (
			);
			runOnlyForDeploymentPostprocessing = 1;
		};
/* End PBXCopyFilesBuildPhase section */

/* Begin PBXFileReference section */
		951DEFE82844819300943570 /* operator overloading */ = {isa = PBXFileReference; explicitFileType = "compiled.mach-o.executable"; includeInIndex = 0; path = "operator overloading"; sourceTree = BUILT_PRODUCTS_DIR; };
		951DEFEA2844819300943570 /* main.cpp */ = {isa = PBXFileReference; lastKnownFileType = sourcecode.cpp.cpp; path = main.cpp; sourceTree = "<group>"; };
		959884C6281AA301007F646B /* testy */ = {isa = PBXFileReference; explicitFileType = "compiled.mach-o.executable"; includeInIndex = 0; path = testy; sourceTree = BUILT_PRODUCTS_DIR; };
		959884C8281AA301007F646B /* main.c */ = {isa = PBXFileReference; lastKnownFileType = sourcecode.c.c; path = main.c; sourceTree = "<group>"; };
		95C44481283B53EC0052B510 /* classes and objects */ = {isa = PBXFileReference; explicitFileType = "compiled.mach-o.executable"; includeInIndex = 0; path = "classes and objects"; sourceTree = BUILT_PRODUCTS_DIR; };
		95C4448C283B5E1F0052B510 /* diffrence between complex numbers using classes and objects */ = {isa = PBXFileReference; explicitFileType = "compiled.mach-o.executable"; includeInIndex = 0; path = "diffrence between complex numbers using classes and objects"; sourceTree = BUILT_PRODUCTS_DIR; };
		95C44497283B5FEA0052B510 /* constructs overloading */ = {isa = PBXFileReference; explicitFileType = "compiled.mach-o.executable"; includeInIndex = 0; path = "constructs overloading"; sourceTree = BUILT_PRODUCTS_DIR; };
		95EDA03127FAA3E40010F6AC /* UIET Classwork oops programming */ = {isa = PBXFileReference; explicitFileType = "compiled.mach-o.executable"; includeInIndex = 0; path = "UIET Classwork oops programming"; sourceTree = BUILT_PRODUCTS_DIR; };
		95EDA03427FAA3E40010F6AC /* main.c */ = {isa = PBXFileReference; lastKnownFileType = sourcecode.c.c; path = main.c; sourceTree = "<group>"; };
		95EDA03F27FAA5C20010F6AC /* prime number */ = {isa = PBXFileReference; explicitFileType = "compiled.mach-o.executable"; includeInIndex = 0; path = "prime number"; sourceTree = BUILT_PRODUCTS_DIR; };
		95EDA04127FAA5C20010F6AC /* main.c */ = {isa = PBXFileReference; lastKnownFileType = sourcecode.c.c; path = main.c; sourceTree = "<group>"; };
		95EDA04A27FAAF140010F6AC /* even odd */ = {isa = PBXFileReference; explicitFileType = "compiled.mach-o.executable"; includeInIndex = 0; path = "even odd"; sourceTree = BUILT_PRODUCTS_DIR; };
		95EDA04C27FAAF140010F6AC /* main.c */ = {isa = PBXFileReference; lastKnownFileType = sourcecode.c.c; path = main.c; sourceTree = "<group>"; };
		95EDA05527FAAFF30010F6AC /* greatest of 3 numbers */ = {isa = PBXFileReference; explicitFileType = "compiled.mach-o.executable"; includeInIndex = 0; path = "greatest of 3 numbers"; sourceTree = BUILT_PRODUCTS_DIR; };
		95EDA05727FAAFF30010F6AC /* main.c */ = {isa = PBXFileReference; lastKnownFileType = sourcecode.c.c; path = main.c; sourceTree = "<group>"; };
		95EDA06027FAB1790010F6AC /* armstrong number */ = {isa = PBXFileReference; explicitFileType = "compiled.mach-o.executable"; includeInIndex = 0; path = "armstrong number"; sourceTree = BUILT_PRODUCTS_DIR; };
		95EDA06227FAB1790010F6AC /* main.c */ = {isa = PBXFileReference; lastKnownFileType = sourcecode.c.c; path = main.c; sourceTree = "<group>"; };
		95EDA06B27FABE4E0010F6AC /* even odd number series */ = {isa = PBXFileReference; explicitFileType = "compiled.mach-o.executable"; includeInIndex = 0; path = "even odd number series"; sourceTree = BUILT_PRODUCTS_DIR; };
		95EDA06D27FABE4E0010F6AC /* main.c */ = {isa = PBXFileReference; lastKnownFileType = sourcecode.c.c; path = main.c; sourceTree = "<group>"; };
		95EDA07627FAC1280010F6AC /* prime number printing */ = {isa = PBXFileReference; explicitFileType = "compiled.mach-o.executable"; includeInIndex = 0; path = "prime number printing"; sourceTree = BUILT_PRODUCTS_DIR; };
		95EDA07827FAC1280010F6AC /* main.c */ = {isa = PBXFileReference; lastKnownFileType = sourcecode.c.c; path = main.c; sourceTree = "<group>"; };
		95EDA08127FACC5C0010F6AC /* array entering elements */ = {isa = PBXFileReference; explicitFileType = "compiled.mach-o.executable"; includeInIndex = 0; path = "array entering elements"; sourceTree = BUILT_PRODUCTS_DIR; };
		95EDA08327FACC5C0010F6AC /* main.c */ = {isa = PBXFileReference; lastKnownFileType = sourcecode.c.c; path = main.c; sourceTree = "<group>"; };
/* End PBXFileReference section */

/* Begin PBXFrameworksBuildPhase section */
		951DEFE52844819300943570 /* Frameworks */ = {
			isa = PBXFrameworksBuildPhase;
			buildActionMask = 2147483647;
			files = (
			);
			runOnlyForDeploymentPostprocessing = 0;
		};
		959884C3281AA301007F646B /* Frameworks */ = {
			isa = PBXFrameworksBuildPhase;
			buildActionMask = 2147483647;
			files = (
			);
			runOnlyForDeploymentPostprocessing = 0;
		};
		95C4447E283B53EC0052B510 /* Frameworks */ = {
			isa = PBXFrameworksBuildPhase;
			buildActionMask = 2147483647;
			files = (
			);
			runOnlyForDeploymentPostprocessing = 0;
		};
		95C44489283B5E1F0052B510 /* Frameworks */ = {
			isa = PBXFrameworksBuildPhase;
			buildActionMask = 2147483647;
			files = (
			);
			runOnlyForDeploymentPostprocessing = 0;
		};
		95C44494283B5FEA0052B510 /* Frameworks */ = {
			isa = PBXFrameworksBuildPhase;
			buildActionMask = 2147483647;
			files = (
			);
			runOnlyForDeploymentPostprocessing = 0;
		};
		95EDA02E27FAA3E40010F6AC /* Frameworks */ = {
			isa = PBXFrameworksBuildPhase;
			buildActionMask = 2147483647;
			files = (
			);
			runOnlyForDeploymentPostprocessing = 0;
		};
		95EDA03C27FAA5C20010F6AC /* Frameworks */ = {
			isa = PBXFrameworksBuildPhase;
			buildActionMask = 2147483647;
			files = (
			);
			runOnlyForDeploymentPostprocessing = 0;
		};
		95EDA04727FAAF140010F6AC /* Frameworks */ = {
			isa = PBXFrameworksBuildPhase;
			buildActionMask = 2147483647;
			files = (
			);
			runOnlyForDeploymentPostprocessing = 0;
		};
		95EDA05227FAAFF30010F6AC /* Frameworks */ = {
			isa = PBXFrameworksBuildPhase;
			buildActionMask = 2147483647;
			files = (
			);
			runOnlyForDeploymentPostprocessing = 0;
		};
		95EDA05D27FAB1790010F6AC /* Frameworks */ = {
			isa = PBXFrameworksBuildPhase;
			buildActionMask = 2147483647;
			files = (
			);
			runOnlyForDeploymentPostprocessing = 0;
		};
		95EDA06827FABE4E0010F6AC /* Frameworks */ = {
			isa = PBXFrameworksBuildPhase;
			buildActionMask = 2147483647;
			files = (
			);
			runOnlyForDeploymentPostprocessing = 0;
		};
		95EDA07327FAC1280010F6AC /* Frameworks */ = {
			isa = PBXFrameworksBuildPhase;
			buildActionMask = 2147483647;
			files = (
			);
			runOnlyForDeploymentPostprocessing = 0;
		};
		95EDA07E27FACC5C0010F6AC /* Frameworks */ = {
			isa = PBXFrameworksBuildPhase;
			buildActionMask = 2147483647;
			files = (
			);
			runOnlyForDeploymentPostprocessing = 0;
		};
/* End PBXFrameworksBuildPhase section */

/* Begin PBXGroup section */
		951DEFE92844819300943570 /* operator overloading */ = {
			isa = PBXGroup;
			children = (
				951DEFEA2844819300943570 /* main.cpp */,
			);
			path = "operator overloading";
			sourceTree = "<group>";
		};
		959884C7281AA301007F646B /* testy */ = {
			isa = PBXGroup;
			children = (
				959884C8281AA301007F646B /* main.c */,
			);
			path = testy;
			sourceTree = "<group>";
		};
		95EDA02827FAA3E40010F6AC = {
			isa = PBXGroup;
			children = (
				95EDA03327FAA3E40010F6AC /* UIET Classwork oops programming */,
				95EDA04027FAA5C20010F6AC /* prime number */,
				95EDA04B27FAAF140010F6AC /* even odd */,
				95EDA05627FAAFF30010F6AC /* greatest of 3 numbers */,
				95EDA06127FAB1790010F6AC /* armstrong number */,
				95EDA06C27FABE4E0010F6AC /* even odd number series */,
				95EDA07727FAC1280010F6AC /* prime number printing */,
				95EDA08227FACC5C0010F6AC /* array entering elements */,
				959884C7281AA301007F646B /* testy */,
				951DEFE92844819300943570 /* operator overloading */,
				95EDA03227FAA3E40010F6AC /* Products */,
			);
			sourceTree = "<group>";
		};
		95EDA03227FAA3E40010F6AC /* Products */ = {
			isa = PBXGroup;
			children = (
				95EDA03127FAA3E40010F6AC /* UIET Classwork oops programming */,
				95EDA03F27FAA5C20010F6AC /* prime number */,
				95EDA04A27FAAF140010F6AC /* even odd */,
				95EDA05527FAAFF30010F6AC /* greatest of 3 numbers */,
				95EDA06027FAB1790010F6AC /* armstrong number */,
				95EDA06B27FABE4E0010F6AC /* even odd number series */,
				95EDA07627FAC1280010F6AC /* prime number printing */,
				95EDA08127FACC5C0010F6AC /* array entering elements */,
				959884C6281AA301007F646B /* testy */,
				95C44481283B53EC0052B510 /* classes and objects */,
				95C4448C283B5E1F0052B510 /* diffrence between complex numbers using classes and objects */,
				95C44497283B5FEA0052B510 /* constructs overloading */,
				951DEFE82844819300943570 /* operator overloading */,
			);
			name = Products;
			sourceTree = "<group>";
		};
		95EDA03327FAA3E40010F6AC /* UIET Classwork oops programming */ = {
			isa = PBXGroup;
			children = (
				95EDA03427FAA3E40010F6AC /* main.c */,
			);
			path = "UIET Classwork oops programming";
			sourceTree = "<group>";
		};
		95EDA04027FAA5C20010F6AC /* prime number */ = {
			isa = PBXGroup;
			children = (
				95EDA04127FAA5C20010F6AC /* main.c */,
			);
			path = "prime number";
			sourceTree = "<group>";
		};
		95EDA04B27FAAF140010F6AC /* even odd */ = {
			isa = PBXGroup;
			children = (
				95EDA04C27FAAF140010F6AC /* main.c */,
			);
			path = "even odd";
			sourceTree = "<group>";
		};
		95EDA05627FAAFF30010F6AC /* greatest of 3 numbers */ = {
			isa = PBXGroup;
			children = (
				95EDA05727FAAFF30010F6AC /* main.c */,
			);
			path = "greatest of 3 numbers";
			sourceTree = "<group>";
		};
		95EDA06127FAB1790010F6AC /* armstrong number */ = {
			isa = PBXGroup;
			children = (
				95EDA06227FAB1790010F6AC /* main.c */,
			);
			path = "armstrong number";
			sourceTree = "<group>";
		};
		95EDA06C27FABE4E0010F6AC /* even odd number series */ = {
			isa = PBXGroup;
			children = (
				95EDA06D27FABE4E0010F6AC /* main.c */,
			);
			path = "even odd number series";
			sourceTree = "<group>";
		};
		95EDA07727FAC1280010F6AC /* prime number printing */ = {
			isa = PBXGroup;
			children = (
				95EDA07827FAC1280010F6AC /* main.c */,
			);
			path = "prime number printing";
			sourceTree = "<group>";
		};
		95EDA08227FACC5C0010F6AC /* array entering elements */ = {
			isa = PBXGroup;
			children = (
				95EDA08327FACC5C0010F6AC /* main.c */,
			);
			path = "array entering elements";
			sourceTree = "<group>";
		};
/* End PBXGroup section */

/* Begin PBXNativeTarget section */
		951DEFE72844819300943570 /* operator overloading */ = {
			isa = PBXNativeTarget;
			buildConfigurationList = 951DEFEC2844819300943570 /* Build configuration list for PBXNativeTarget "operator overloading" */;
			buildPhases = (
				951DEFE42844819300943570 /* Sources */,
				951DEFE52844819300943570 /* Frameworks */,
				951DEFE62844819300943570 /* CopyFiles */,
			);
			buildRules = (
			);
			dependencies = (
			);
			name = "operator overloading";
			productName = "operator overloading";
			productReference = 951DEFE82844819300943570 /* operator overloading */;
			productType = "com.apple.product-type.tool";
		};
		959884C5281AA301007F646B /* testy */ = {
			isa = PBXNativeTarget;
			buildConfigurationList = 959884CC281AA301007F646B /* Build configuration list for PBXNativeTarget "testy" */;
			buildPhases = (
				959884C2281AA301007F646B /* Sources */,
				959884C3281AA301007F646B /* Frameworks */,
				959884C4281AA301007F646B /* CopyFiles */,
			);
			buildRules = (
			);
			dependencies = (
			);
			name = testy;
			productName = testy;
			productReference = 959884C6281AA301007F646B /* testy */;
			productType = "com.apple.product-type.tool";
		};
		95C44480283B53EC0052B510 /* classes and objects */ = {
			isa = PBXNativeTarget;
			buildConfigurationList = 95C44487283B53EC0052B510 /* Build configuration list for PBXNativeTarget "classes and objects" */;
			buildPhases = (
				95C4447D283B53EC0052B510 /* Sources */,
				95C4447E283B53EC0052B510 /* Frameworks */,
				95C4447F283B53EC0052B510 /* CopyFiles */,
			);
			buildRules = (
			);
			dependencies = (
			);
			name = "classes and objects";
			productName = "classes and objects";
			productReference = 95C44481283B53EC0052B510 /* classes and objects */;
			productType = "com.apple.product-type.tool";
		};
		95C4448B283B5E1F0052B510 /* diffrence between complex numbers using classes and objects */ = {
			isa = PBXNativeTarget;
			buildConfigurationList = 95C44492283B5E1F0052B510 /* Build configuration list for PBXNativeTarget "diffrence between complex numbers using classes and objects" */;
			buildPhases = (
				95C44488283B5E1F0052B510 /* Sources */,
				95C44489283B5E1F0052B510 /* Frameworks */,
				95C4448A283B5E1F0052B510 /* CopyFiles */,
			);
			buildRules = (
			);
			dependencies = (
			);
			name = "diffrence between complex numbers using classes and objects";
			productName = "diffrence between complex numbers using classes and objects";
			productReference = 95C4448C283B5E1F0052B510 /* diffrence between complex numbers using classes and objects */;
			productType = "com.apple.product-type.tool";
		};
		95C44496283B5FEA0052B510 /* constructs overloading */ = {
			isa = PBXNativeTarget;
			buildConfigurationList = 95C4449B283B5FEA0052B510 /* Build configuration list for PBXNativeTarget "constructs overloading" */;
			buildPhases = (
				95C44493283B5FEA0052B510 /* Sources */,
				95C44494283B5FEA0052B510 /* Frameworks */,
				95C44495283B5FEA0052B510 /* CopyFiles */,
			);
			buildRules = (
			);
			dependencies = (
			);
			name = "constructs overloading";
			productName = "constructs overloading";
			productReference = 95C44497283B5FEA0052B510 /* constructs overloading */;
			productType = "com.apple.product-type.tool";
		};
		95EDA03027FAA3E40010F6AC /* UIET Classwork oops programming */ = {
			isa = PBXNativeTarget;
			buildConfigurationList = 95EDA03827FAA3E40010F6AC /* Build configuration list for PBXNativeTarget "UIET Classwork oops programming" */;
			buildPhases = (
				95EDA02D27FAA3E40010F6AC /* Sources */,
				95EDA02E27FAA3E40010F6AC /* Frameworks */,
				95EDA02F27FAA3E40010F6AC /* CopyFiles */,
			);
			buildRules = (
			);
			dependencies = (
			);
			name = "UIET Classwork oops programming";
			productName = "UIET Classwork oops programming";
			productReference = 95EDA03127FAA3E40010F6AC /* UIET Classwork oops programming */;
			productType = "com.apple.product-type.tool";
		};
		95EDA03E27FAA5C20010F6AC /* prime number */ = {
			isa = PBXNativeTarget;
			buildConfigurationList = 95EDA04327FAA5C20010F6AC /* Build configuration list for PBXNativeTarget "prime number" */;
			buildPhases = (
				95EDA03B27FAA5C20010F6AC /* Sources */,
				95EDA03C27FAA5C20010F6AC /* Frameworks */,
				95EDA03D27FAA5C20010F6AC /* CopyFiles */,
			);
			buildRules = (
			);
			dependencies = (
			);
			name = "prime number";
			productName = "prime number";
			productReference = 95EDA03F27FAA5C20010F6AC /* prime number */;
			productType = "com.apple.product-type.tool";
		};
		95EDA04927FAAF140010F6AC /* even odd */ = {
			isa = PBXNativeTarget;
			buildConfigurationList = 95EDA05027FAAF140010F6AC /* Build configuration list for PBXNativeTarget "even odd" */;
			buildPhases = (
				95EDA04627FAAF140010F6AC /* Sources */,
				95EDA04727FAAF140010F6AC /* Frameworks */,
				95EDA04827FAAF140010F6AC /* CopyFiles */,
			);
			buildRules = (
			);
			dependencies = (
			);
			name = "even odd";
			productName = "even odd";
			productReference = 95EDA04A27FAAF140010F6AC /* even odd */;
			productType = "com.apple.product-type.tool";
		};
		95EDA05427FAAFF30010F6AC /* greatest of 3 numbers */ = {
			isa = PBXNativeTarget;
			buildConfigurationList = 95EDA05927FAAFF30010F6AC /* Build configuration list for PBXNativeTarget "greatest of 3 numbers" */;
			buildPhases = (
				95EDA05127FAAFF30010F6AC /* Sources */,
				95EDA05227FAAFF30010F6AC /* Frameworks */,
				95EDA05327FAAFF30010F6AC /* CopyFiles */,
			);
			buildRules = (
			);
			dependencies = (
			);
			name = "greatest of 3 numbers";
			productName = "greatest of 3 numbers";
			productReference = 95EDA05527FAAFF30010F6AC /* greatest of 3 numbers */;
			productType = "com.apple.product-type.tool";
		};
		95EDA05F27FAB1790010F6AC /* armstrong number */ = {
			isa = PBXNativeTarget;
			buildConfigurationList = 95EDA06427FAB1790010F6AC /* Build configuration list for PBXNativeTarget "armstrong number" */;
			buildPhases = (
				95EDA05C27FAB1790010F6AC /* Sources */,
				95EDA05D27FAB1790010F6AC /* Frameworks */,
				95EDA05E27FAB1790010F6AC /* CopyFiles */,
			);
			buildRules = (
			);
			dependencies = (
			);
			name = "armstrong number";
			productName = "armstrong number";
			productReference = 95EDA06027FAB1790010F6AC /* armstrong number */;
			productType = "com.apple.product-type.tool";
		};
		95EDA06A27FABE4E0010F6AC /* even odd number series */ = {
			isa = PBXNativeTarget;
			buildConfigurationList = 95EDA06F27FABE4E0010F6AC /* Build configuration list for PBXNativeTarget "even odd number series" */;
			buildPhases = (
				95EDA06727FABE4E0010F6AC /* Sources */,
				95EDA06827FABE4E0010F6AC /* Frameworks */,
				95EDA06927FABE4E0010F6AC /* CopyFiles */,
			);
			buildRules = (
			);
			dependencies = (
			);
			name = "even odd number series";
			productName = "even odd number series";
			productReference = 95EDA06B27FABE4E0010F6AC /* even odd number series */;
			productType = "com.apple.product-type.tool";
		};
		95EDA07527FAC1280010F6AC /* prime number printing */ = {
			isa = PBXNativeTarget;
			buildConfigurationList = 95EDA07A27FAC1280010F6AC /* Build configuration list for PBXNativeTarget "prime number printing" */;
			buildPhases = (
				95EDA07227FAC1280010F6AC /* Sources */,
				95EDA07327FAC1280010F6AC /* Frameworks */,
				95EDA07427FAC1280010F6AC /* CopyFiles */,
			);
			buildRules = (
			);
			dependencies = (
			);
			name = "prime number printing";
			productName = "prime number printing";
			productReference = 95EDA07627FAC1280010F6AC /* prime number printing */;
			productType = "com.apple.product-type.tool";
		};
		95EDA08027FACC5C0010F6AC /* array entering elements */ = {
			isa = PBXNativeTarget;
			buildConfigurationList = 95EDA08527FACC5C0010F6AC /* Build configuration list for PBXNativeTarget "array entering elements" */;
			buildPhases = (
				95EDA07D27FACC5C0010F6AC /* Sources */,
				95EDA07E27FACC5C0010F6AC /* Frameworks */,
				95EDA07F27FACC5C0010F6AC /* CopyFiles */,
			);
			buildRules = (
			);
			dependencies = (
			);
			name = "array entering elements";
			productName = "array entering elements";
			productReference = 95EDA08127FACC5C0010F6AC /* array entering elements */;
			productType = "com.apple.product-type.tool";
		};
/* End PBXNativeTarget section */

/* Begin PBXProject section */
		95EDA02927FAA3E40010F6AC /* Project object */ = {
			isa = PBXProject;
			attributes = {
				BuildIndependentTargetsInParallel = 1;
				LastUpgradeCheck = 1330;
				TargetAttributes = {
					951DEFE72844819300943570 = {
						CreatedOnToolsVersion = 13.4;
					};
					959884C5281AA301007F646B = {
						CreatedOnToolsVersion = 13.3.1;
					};
					95C44480283B53EC0052B510 = {
						CreatedOnToolsVersion = 13.3.1;
					};
					95C4448B283B5E1F0052B510 = {
						CreatedOnToolsVersion = 13.3.1;
					};
					95C44496283B5FEA0052B510 = {
						CreatedOnToolsVersion = 13.3.1;
					};
					95EDA03027FAA3E40010F6AC = {
						CreatedOnToolsVersion = 13.3;
					};
					95EDA03E27FAA5C20010F6AC = {
						CreatedOnToolsVersion = 13.3;
					};
					95EDA04927FAAF140010F6AC = {
						CreatedOnToolsVersion = 13.3;
					};
					95EDA05427FAAFF30010F6AC = {
						CreatedOnToolsVersion = 13.3;
					};
					95EDA05F27FAB1790010F6AC = {
						CreatedOnToolsVersion = 13.3;
					};
					95EDA06A27FABE4E0010F6AC = {
						CreatedOnToolsVersion = 13.3;
					};
					95EDA07527FAC1280010F6AC = {
						CreatedOnToolsVersion = 13.3;
					};
					95EDA08027FACC5C0010F6AC = {
						CreatedOnToolsVersion = 13.3;
					};
				};
			};
			buildConfigurationList = 95EDA02C27FAA3E40010F6AC /* Build configuration list for PBXProject "UIET Classwork oops programming" */;
			compatibilityVersion = "Xcode 13.0";
			developmentRegion = en;
			hasScannedForEncodings = 0;
			knownRegions = (
				en,
				Base,
			);
			mainGroup = 95EDA02827FAA3E40010F6AC;
			productRefGroup = 95EDA03227FAA3E40010F6AC /* Products */;
			projectDirPath = "";
			projectRoot = "";
			targets = (
				95EDA03027FAA3E40010F6AC /* UIET Classwork oops programming */,
				95EDA03E27FAA5C20010F6AC /* prime number */,
				95EDA04927FAAF140010F6AC /* even odd */,
				95EDA05427FAAFF30010F6AC /* greatest of 3 numbers */,
				95EDA05F27FAB1790010F6AC /* armstrong number */,
				95EDA06A27FABE4E0010F6AC /* even odd number series */,
				95EDA07527FAC1280010F6AC /* prime number printing */,
				95EDA08027FACC5C0010F6AC /* array entering elements */,
				959884C5281AA301007F646B /* testy */,
				95C44480283B53EC0052B510 /* classes and objects */,
				95C4448B283B5E1F0052B510 /* diffrence between complex numbers using classes and objects */,
				95C44496283B5FEA0052B510 /* constructs overloading */,
				951DEFE72844819300943570 /* operator overloading */,
			);
		};
/* End PBXProject section */

/* Begin PBXSourcesBuildPhase section */
		951DEFE42844819300943570 /* Sources */ = {
			isa = PBXSourcesBuildPhase;
			buildActionMask = 2147483647;
			files = (
				951DEFEB2844819300943570 /* main.cpp in Sources */,
			);
			runOnlyForDeploymentPostprocessing = 0;
		};
		959884C2281AA301007F646B /* Sources */ = {
			isa = PBXSourcesBuildPhase;
			buildActionMask = 2147483647;
			files = (
				959884C9281AA301007F646B /* main.c in Sources */,
			);
			runOnlyForDeploymentPostprocessing = 0;
		};
		95C4447D283B53EC0052B510 /* Sources */ = {
			isa = PBXSourcesBuildPhase;
			buildActionMask = 2147483647;
			files = (
			);
			runOnlyForDeploymentPostprocessing = 0;
		};
		95C44488283B5E1F0052B510 /* Sources */ = {
			isa = PBXSourcesBuildPhase;
			buildActionMask = 2147483647;
			files = (
			);
			runOnlyForDeploymentPostprocessing = 0;
		};
		95C44493283B5FEA0052B510 /* Sources */ = {
			isa = PBXSourcesBuildPhase;
			buildActionMask = 2147483647;
			files = (
			);
			runOnlyForDeploymentPostprocessing = 0;
		};
		95EDA02D27FAA3E40010F6AC /* Sources */ = {
			isa = PBXSourcesBuildPhase;
			buildActionMask = 2147483647;
			files = (
				95EDA03527FAA3E40010F6AC /* main.c in Sources */,
			);
			runOnlyForDeploymentPostprocessing = 0;
		};
		95EDA03B27FAA5C20010F6AC /* Sources */ = {
			isa = PBXSourcesBuildPhase;
			buildActionMask = 2147483647;
			files = (
				95EDA04227FAA5C20010F6AC /* main.c in Sources */,
			);
			runOnlyForDeploymentPostprocessing = 0;
		};
		95EDA04627FAAF140010F6AC /* Sources */ = {
			isa = PBXSourcesBuildPhase;
			buildActionMask = 2147483647;
			files = (
				95EDA04D27FAAF140010F6AC /* main.c in Sources */,
			);
			runOnlyForDeploymentPostprocessing = 0;
		};
		95EDA05127FAAFF30010F6AC /* Sources */ = {
			isa = PBXSourcesBuildPhase;
			buildActionMask = 2147483647;
			files = (
				95EDA05827FAAFF30010F6AC /* main.c in Sources */,
			);
			runOnlyForDeploymentPostprocessing = 0;
		};
		95EDA05C27FAB1790010F6AC /* Sources */ = {
			isa = PBXSourcesBuildPhase;
			buildActionMask = 2147483647;
			files = (
				95EDA06327FAB1790010F6AC /* main.c in Sources */,
			);
			runOnlyForDeploymentPostprocessing = 0;
		};
		95EDA06727FABE4E0010F6AC /* Sources */ = {
			isa = PBXSourcesBuildPhase;
			buildActionMask = 2147483647;
			files = (
				95EDA06E27FABE4E0010F6AC /* main.c in Sources */,
			);
			runOnlyForDeploymentPostprocessing = 0;
		};
		95EDA07227FAC1280010F6AC /* Sources */ = {
			isa = PBXSourcesBuildPhase;
			buildActionMask = 2147483647;
			files = (
				95EDA07927FAC1280010F6AC /* main.c in Sources */,
			);
			runOnlyForDeploymentPostprocessing = 0;
		};
		95EDA07D27FACC5C0010F6AC /* Sources */ = {
			isa = PBXSourcesBuildPhase;
			buildActionMask = 2147483647;
			files = (
				95EDA08427FACC5C0010F6AC /* main.c in Sources */,
			);
			runOnlyForDeploymentPostprocessing = 0;
		};
/* End PBXSourcesBuildPhase section */

/* Begin XCBuildConfiguration section */
		951DEFED2844819300943570 /* Debug */ = {
			isa = XCBuildConfiguration;
			buildSettings = {
				CODE_SIGN_STYLE = Automatic;
				MACOSX_DEPLOYMENT_TARGET = 12.3;
				PRODUCT_NAME = "$(TARGET_NAME)";
			};
			name = Debug;
		};
		951DEFEE2844819300943570 /* Release */ = {
			isa = XCBuildConfiguration;
			buildSettings = {
				CODE_SIGN_STYLE = Automatic;
				MACOSX_DEPLOYMENT_TARGET = 12.3;
				PRODUCT_NAME = "$(TARGET_NAME)";
			};
			name = Release;
		};
		959884CA281AA301007F646B /* Debug */ = {
			isa = XCBuildConfiguration;
			buildSettings = {
				CODE_SIGN_STYLE = Automatic;
				MACOSX_DEPLOYMENT_TARGET = 12.3;
				PRODUCT_NAME = "$(TARGET_NAME)";
			};
			name = Debug;
		};
		959884CB281AA301007F646B /* Release */ = {
			isa = XCBuildConfiguration;
			buildSettings = {
				CODE_SIGN_STYLE = Automatic;
				MACOSX_DEPLOYMENT_TARGET = 12.3;
				PRODUCT_NAME = "$(TARGET_NAME)";
			};
			name = Release;
		};
		95C44485283B53EC0052B510 /* Debug */ = {
			isa = XCBuildConfiguration;
			buildSettings = {
				CODE_SIGN_STYLE = Automatic;
				MACOSX_DEPLOYMENT_TARGET = 12.3;
				PRODUCT_NAME = "$(TARGET_NAME)";
			};
			name = Debug;
		};
		95C44486283B53EC0052B510 /* Release */ = {
			isa = XCBuildConfiguration;
			buildSettings = {
				CODE_SIGN_STYLE = Automatic;
				MACOSX_DEPLOYMENT_TARGET = 12.3;
				PRODUCT_NAME = "$(TARGET_NAME)";
			};
			name = Release;
		};
		95C44490283B5E1F0052B510 /* Debug */ = {
			isa = XCBuildConfiguration;
			buildSettings = {
				CODE_SIGN_STYLE = Automatic;
				MACOSX_DEPLOYMENT_TARGET = 12.3;
				PRODUCT_NAME = "$(TARGET_NAME)";
			};
			name = Debug;
		};
		95C44491283B5E1F0052B510 /* Release */ = {
			isa = XCBuildConfiguration;
			buildSettings = {
				CODE_SIGN_STYLE = Automatic;
				MACOSX_DEPLOYMENT_TARGET = 12.3;
				PRODUCT_NAME = "$(TARGET_NAME)";
			};
			name = Release;
		};
		95C4449C283B5FEA0052B510 /* Debug */ = {
			isa = XCBuildConfiguration;
			buildSettings = {
				CODE_SIGN_STYLE = Automatic;
				MACOSX_DEPLOYMENT_TARGET = 12.3;
				PRODUCT_NAME = "$(TARGET_NAME)";
			};
			name = Debug;
		};
		95C4449D283B5FEA0052B510 /* Release */ = {
			isa = XCBuildConfiguration;
			buildSettings = {
				CODE_SIGN_STYLE = Automatic;
				MACOSX_DEPLOYMENT_TARGET = 12.3;
				PRODUCT_NAME = "$(TARGET_NAME)";
			};
			name = Release;
		};
		95EDA03627FAA3E40010F6AC /* Debug */ = {
			isa = XCBuildConfiguration;
			buildSettings = {
				ALWAYS_SEARCH_USER_PATHS = NO;
				CLANG_ANALYZER_NONNULL = YES;
				CLANG_ANALYZER_NUMBER_OBJECT_CONVERSION = YES_AGGRESSIVE;
				CLANG_CXX_LANGUAGE_STANDARD = "gnu++17";
				CLANG_ENABLE_MODULES = YES;
				CLANG_ENABLE_OBJC_ARC = YES;
				CLANG_ENABLE_OBJC_WEAK = YES;
				CLANG_WARN_BLOCK_CAPTURE_AUTORELEASING = YES;
				CLANG_WARN_BOOL_CONVERSION = YES;
				CLANG_WARN_COMMA = YES;
				CLANG_WARN_CONSTANT_CONVERSION = YES;
				CLANG_WARN_DEPRECATED_OBJC_IMPLEMENTATIONS = YES;
				CLANG_WARN_DIRECT_OBJC_ISA_USAGE = YES_ERROR;
				CLANG_WARN_DOCUMENTATION_COMMENTS = YES;
				CLANG_WARN_EMPTY_BODY = YES;
				CLANG_WARN_ENUM_CONVERSION = YES;
				CLANG_WARN_INFINITE_RECURSION = YES;
				CLANG_WARN_INT_CONVERSION = YES;
				CLANG_WARN_NON_LITERAL_NULL_CONVERSION = YES;
				CLANG_WARN_OBJC_IMPLICIT_RETAIN_SELF = YES;
				CLANG_WARN_OBJC_LITERAL_CONVERSION = YES;
				CLANG_WARN_OBJC_ROOT_CLASS = YES_ERROR;
				CLANG_WARN_QUOTED_INCLUDE_IN_FRAMEWORK_HEADER = YES;
				CLANG_WARN_RANGE_LOOP_ANALYSIS = YES;
				CLANG_WARN_STRICT_PROTOTYPES = YES;
				CLANG_WARN_SUSPICIOUS_MOVE = YES;
				CLANG_WARN_UNGUARDED_AVAILABILITY = YES_AGGRESSIVE;
				CLANG_WARN_UNREACHABLE_CODE = YES;
				CLANG_WARN__DUPLICATE_METHOD_MATCH = YES;
				COPY_PHASE_STRIP = NO;
				DEBUG_INFORMATION_FORMAT = dwarf;
				ENABLE_STRICT_OBJC_MSGSEND = YES;
				ENABLE_TESTABILITY = YES;
				GCC_C_LANGUAGE_STANDARD = gnu11;
				GCC_DYNAMIC_NO_PIC = NO;
				GCC_NO_COMMON_BLOCKS = YES;
				GCC_OPTIMIZATION_LEVEL = 0;
				GCC_PREPROCESSOR_DEFINITIONS = (
					"DEBUG=1",
					"$(inherited)",
				);
				GCC_WARN_64_TO_32_BIT_CONVERSION = YES;
				GCC_WARN_ABOUT_RETURN_TYPE = YES_ERROR;
				GCC_WARN_UNDECLARED_SELECTOR = YES;
				GCC_WARN_UNINITIALIZED_AUTOS = YES_AGGRESSIVE;
				GCC_WARN_UNUSED_FUNCTION = YES;
				GCC_WARN_UNUSED_VARIABLE = YES;
				MACOSX_DEPLOYMENT_TARGET = 12.2;
				MTL_ENABLE_DEBUG_INFO = INCLUDE_SOURCE;
				MTL_FAST_MATH = YES;
				ONLY_ACTIVE_ARCH = YES;
				SDKROOT = macosx;
			};
			name = Debug;
		};
		95EDA03727FAA3E40010F6AC /* Release */ = {
			isa = XCBuildConfiguration;
			buildSettings = {
				ALWAYS_SEARCH_USER_PATHS = NO;
				CLANG_ANALYZER_NONNULL = YES;
				CLANG_ANALYZER_NUMBER_OBJECT_CONVERSION = YES_AGGRESSIVE;
				CLANG_CXX_LANGUAGE_STANDARD = "gnu++17";
				CLANG_ENABLE_MODULES = YES;
				CLANG_ENABLE_OBJC_ARC = YES;
				CLANG_ENABLE_OBJC_WEAK = YES;
				CLANG_WARN_BLOCK_CAPTURE_AUTORELEASING = YES;
				CLANG_WARN_BOOL_CONVERSION = YES;
				CLANG_WARN_COMMA = YES;
				CLANG_WARN_CONSTANT_CONVERSION = YES;
				CLANG_WARN_DEPRECATED_OBJC_IMPLEMENTATIONS = YES;
				CLANG_WARN_DIRECT_OBJC_ISA_USAGE = YES_ERROR;
				CLANG_WARN_DOCUMENTATION_COMMENTS = YES;
				CLANG_WARN_EMPTY_BODY = YES;
				CLANG_WARN_ENUM_CONVERSION = YES;
				CLANG_WARN_INFINITE_RECURSION = YES;
				CLANG_WARN_INT_CONVERSION = YES;
				CLANG_WARN_NON_LITERAL_NULL_CONVERSION = YES;
				CLANG_WARN_OBJC_IMPLICIT_RETAIN_SELF = YES;
				CLANG_WARN_OBJC_LITERAL_CONVERSION = YES;
				CLANG_WARN_OBJC_ROOT_CLASS = YES_ERROR;
				CLANG_WARN_QUOTED_INCLUDE_IN_FRAMEWORK_HEADER = YES;
				CLANG_WARN_RANGE_LOOP_ANALYSIS = YES;
				CLANG_WARN_STRICT_PROTOTYPES = YES;
				CLANG_WARN_SUSPICIOUS_MOVE = YES;
				CLANG_WARN_UNGUARDED_AVAILABILITY = YES_AGGRESSIVE;
				CLANG_WARN_UNREACHABLE_CODE = YES;
				CLANG_WARN__DUPLICATE_METHOD_MATCH = YES;
				COPY_PHASE_STRIP = NO;
				DEBUG_INFORMATION_FORMAT = "dwarf-with-dsym";
				ENABLE_NS_ASSERTIONS = NO;
				ENABLE_STRICT_OBJC_MSGSEND = YES;
				GCC_C_LANGUAGE_STANDARD = gnu11;
				GCC_NO_COMMON_BLOCKS = YES;
				GCC_WARN_64_TO_32_BIT_CONVERSION = YES;
				GCC_WARN_ABOUT_RETURN_TYPE = YES_ERROR;
				GCC_WARN_UNDECLARED_SELECTOR = YES;
				GCC_WARN_UNINITIALIZED_AUTOS = YES_AGGRESSIVE;
				GCC_WARN_UNUSED_FUNCTION = YES;
				GCC_WARN_UNUSED_VARIABLE = YES;
				MACOSX_DEPLOYMENT_TARGET = 12.2;
				MTL_ENABLE_DEBUG_INFO = NO;
				MTL_FAST_MATH = YES;
				SDKROOT = macosx;
			};
			name = Release;
		};
		95EDA03927FAA3E40010F6AC /* Debug */ = {
			isa = XCBuildConfiguration;
			buildSettings = {
				CODE_SIGN_STYLE = Automatic;
				PRODUCT_NAME = "$(TARGET_NAME)";
			};
			name = Debug;
		};
		95EDA03A27FAA3E40010F6AC /* Release */ = {
			isa = XCBuildConfiguration;
			buildSettings = {
				CODE_SIGN_STYLE = Automatic;
				PRODUCT_NAME = "$(TARGET_NAME)";
			};
			name = Release;
		};
		95EDA04427FAA5C20010F6AC /* Debug */ = {
			isa = XCBuildConfiguration;
			buildSettings = {
				CODE_SIGN_STYLE = Automatic;
				PRODUCT_NAME = "$(TARGET_NAME)";
			};
			name = Debug;
		};
		95EDA04527FAA5C20010F6AC /* Release */ = {
			isa = XCBuildConfiguration;
			buildSettings = {
				CODE_SIGN_STYLE = Automatic;
				PRODUCT_NAME = "$(TARGET_NAME)";
			};
			name = Release;
		};
		95EDA04E27FAAF140010F6AC /* Debug */ = {
			isa = XCBuildConfiguration;
			buildSettings = {
				CODE_SIGN_STYLE = Automatic;
				PRODUCT_NAME = "$(TARGET_NAME)";
			};
			name = Debug;
		};
		95EDA04F27FAAF140010F6AC /* Release */ = {
			isa = XCBuildConfiguration;
			buildSettings = {
				CODE_SIGN_STYLE = Automatic;
				PRODUCT_NAME = "$(TARGET_NAME)";
			};
			name = Release;
		};
		95EDA05A27FAAFF30010F6AC /* Debug */ = {
			isa = XCBuildConfiguration;
			buildSettings = {
				CODE_SIGN_STYLE = Automatic;
				PRODUCT_NAME = "$(TARGET_NAME)";
			};
			name = Debug;
		};
		95EDA05B27FAAFF30010F6AC /* Release */ = {
			isa = XCBuildConfiguration;
			buildSettings = {
				CODE_SIGN_STYLE = Automatic;
				PRODUCT_NAME = "$(TARGET_NAME)";
			};
			name = Release;
		};
		95EDA06527FAB1790010F6AC /* Debug */ = {
			isa = XCBuildConfiguration;
			buildSettings = {
				CODE_SIGN_STYLE = Automatic;
				PRODUCT_NAME = "$(TARGET_NAME)";
			};
			name = Debug;
		};
		95EDA06627FAB1790010F6AC /* Release */ = {
			isa = XCBuildConfiguration;
			buildSettings = {
				CODE_SIGN_STYLE = Automatic;
				PRODUCT_NAME = "$(TARGET_NAME)";
			};
			name = Release;
		};
		95EDA07027FABE4E0010F6AC /* Debug */ = {
			isa = XCBuildConfiguration;
			buildSettings = {
				CODE_SIGN_STYLE = Automatic;
				PRODUCT_NAME = "$(TARGET_NAME)";
			};
			name = Debug;
		};
		95EDA07127FABE4E0010F6AC /* Release */ = {
			isa = XCBuildConfiguration;
			buildSettings = {
				CODE_SIGN_STYLE = Automatic;
				PRODUCT_NAME = "$(TARGET_NAME)";
			};
			name = Release;
		};
		95EDA07B27FAC1280010F6AC /* Debug */ = {
			isa = XCBuildConfiguration;
			buildSettings = {
				CODE_SIGN_STYLE = Automatic;
				PRODUCT_NAME = "$(TARGET_NAME)";
			};
			name = Debug;
		};
		95EDA07C27FAC1280010F6AC /* Release */ = {
			isa = XCBuildConfiguration;
			buildSettings = {
				CODE_SIGN_STYLE = Automatic;
				PRODUCT_NAME = "$(TARGET_NAME)";
			};
			name = Release;
		};
		95EDA08627FACC5C0010F6AC /* Debug */ = {
			isa = XCBuildConfiguration;
			buildSettings = {
				CODE_SIGN_STYLE = Automatic;
				PRODUCT_NAME = "$(TARGET_NAME)";
			};
			name = Debug;
		};
		95EDA08727FACC5C0010F6AC /* Release */ = {
			isa = XCBuildConfiguration;
			buildSettings = {
				CODE_SIGN_STYLE = Automatic;
				PRODUCT_NAME = "$(TARGET_NAME)";
			};
			name = Release;
		};
/* End XCBuildConfiguration section */

/* Begin XCConfigurationList section */
		951DEFEC2844819300943570 /* Build configuration list for PBXNativeTarget "operator overloading" */ = {
			isa = XCConfigurationList;
			buildConfigurations = (
				951DEFED2844819300943570 /* Debug */,
				951DEFEE2844819300943570 /* Release */,
			);
			defaultConfigurationIsVisible = 0;
			defaultConfigurationName = Release;
		};
		959884CC281AA301007F646B /* Build configuration list for PBXNativeTarget "testy" */ = {
			isa = XCConfigurationList;
			buildConfigurations = (
				959884CA281AA301007F646B /* Debug */,
				959884CB281AA301007F646B /* Release */,
			);
			defaultConfigurationIsVisible = 0;
			defaultConfigurationName = Release;
		};
		95C44487283B53EC0052B510 /* Build configuration list for PBXNativeTarget "classes and objects" */ = {
			isa = XCConfigurationList;
			buildConfigurations = (
				95C44485283B53EC0052B510 /* Debug */,
				95C44486283B53EC0052B510 /* Release */,
			);
			defaultConfigurationIsVisible = 0;
			defaultConfigurationName = Release;
		};
		95C44492283B5E1F0052B510 /* Build configuration list for PBXNativeTarget "diffrence between complex numbers using classes and objects" */ = {
			isa = XCConfigurationList;
			buildConfigurations = (
				95C44490283B5E1F0052B510 /* Debug */,
				95C44491283B5E1F0052B510 /* Release */,
			);
			defaultConfigurationIsVisible = 0;
			defaultConfigurationName = Release;
		};
		95C4449B283B5FEA0052B510 /* Build configuration list for PBXNativeTarget "constructs overloading" */ = {
			isa = XCConfigurationList;
			buildConfigurations = (
				95C4449C283B5FEA0052B510 /* Debug */,
				95C4449D283B5FEA0052B510 /* Release */,
			);
			defaultConfigurationIsVisible = 0;
			defaultConfigurationName = Release;
		};
		95EDA02C27FAA3E40010F6AC /* Build configuration list for PBXProject "UIET Classwork oops programming" */ = {
			isa = XCConfigurationList;
			buildConfigurations = (
				95EDA03627FAA3E40010F6AC /* Debug */,
				95EDA03727FAA3E40010F6AC /* Release */,
			);
			defaultConfigurationIsVisible = 0;
			defaultConfigurationName = Release;
		};
		95EDA03827FAA3E40010F6AC /* Build configuration list for PBXNativeTarget "UIET Classwork oops programming" */ = {
			isa = XCConfigurationList;
			buildConfigurations = (
				95EDA03927FAA3E40010F6AC /* Debug */,
				95EDA03A27FAA3E40010F6AC /* Release */,
			);
			defaultConfigurationIsVisible = 0;
			defaultConfigurationName = Release;
		};
		95EDA04327FAA5C20010F6AC /* Build configuration list for PBXNativeTarget "prime number" */ = {
			isa = XCConfigurationList;
			buildConfigurations = (
				95EDA04427FAA5C20010F6AC /* Debug */,
				95EDA04527FAA5C20010F6AC /* Release */,
			);
			defaultConfigurationIsVisible = 0;
			defaultConfigurationName = Release;
		};
		95EDA05027FAAF140010F6AC /* Build configuration list for PBXNativeTarget "even odd" */ = {
			isa = XCConfigurationList;
			buildConfigurations = (
				95EDA04E27FAAF140010F6AC /* Debug */,
				95EDA04F27FAAF140010F6AC /* Release */,
			);
			defaultConfigurationIsVisible = 0;
			defaultConfigurationName = Release;
		};
		95EDA05927FAAFF30010F6AC /* Build configuration list for PBXNativeTarget "greatest of 3 numbers" */ = {
			isa = XCConfigurationList;
			buildConfigurations = (
				95EDA05A27FAAFF30010F6AC /* Debug */,
				95EDA05B27FAAFF30010F6AC /* Release */,
			);
			defaultConfigurationIsVisible = 0;
			defaultConfigurationName = Release;
		};
		95EDA06427FAB1790010F6AC /* Build configuration list for PBXNativeTarget "armstrong number" */ = {
			isa = XCConfigurationList;
			buildConfigurations = (
				95EDA06527FAB1790010F6AC /* Debug */,
				95EDA06627FAB1790010F6AC /* Release */,
			);
			defaultConfigurationIsVisible = 0;
			defaultConfigurationName = Release;
		};
		95EDA06F27FABE4E0010F6AC /* Build configuration list for PBXNativeTarget "even odd number series" */ = {
			isa = XCConfigurationList;
			buildConfigurations = (
				95EDA07027FABE4E0010F6AC /* Debug */,
				95EDA07127FABE4E0010F6AC /* Release */,
			);
			defaultConfigurationIsVisible = 0;
			defaultConfigurationName = Release;
		};
		95EDA07A27FAC1280010F6AC /* Build configuration list for PBXNativeTarget "prime number printing" */ = {
			isa = XCConfigurationList;
			buildConfigurations = (
				95EDA07B27FAC1280010F6AC /* Debug */,
				95EDA07C27FAC1280010F6AC /* Release */,
			);
			defaultConfigurationIsVisible = 0;
			defaultConfigurationName = Release;
		};
		95EDA08527FACC5C0010F6AC /* Build configuration list for PBXNativeTarget "array entering elements" */ = {
			isa = XCConfigurationList;
			buildConfigurations = (
				95EDA08627FACC5C0010F6AC /* Debug */,
				95EDA08727FACC5C0010F6AC /* Release */,
			);
			defaultConfigurationIsVisible = 0;
			defaultConfigurationName = Release;
		};
/* End XCConfigurationList section */
	};
	rootObject = 95EDA02927FAA3E40010F6AC /* Project object */;
}
